
Microsoft Visual Studio Solution File, Format Version 12.00
# Visual Studio Version 17
VisualStudioVersion = 17.11.35327.3
MinimumVisualStudioVersion = 10.0.40219.1
Project("{FAE04EC0-301F-11D3-BF4B-00C04F79EFBC}") = "Conversor Monetário", "Conversor Monetário\Conversor Monetário.csproj", "{A1B95E2F-99A8-43C7-B5D4-3253CDFC7CF5}"
EndProject
Global
	GlobalSection(SolutionConfigurationPlatforms) = preSolution
		Debug|Any CPU = Debug|Any CPU
		Release|Any CPU = Release|Any CPU
	EndGlobalSection
	GlobalSection(ProjectConfigurationPlatforms) = postSolution
		{A1B95E2F-99A8-43C7-B5D4-3253CDFC7CF5}.Debug|Any CPU.ActiveCfg = Debug|Any CPU
		{A1B95E2F-99A8-43C7-B5D4-3253CDFC7CF5}.Debug|Any CPU.Build.0 = Debug|Any CPU
		{A1B95E2F-99A8-43C7-B5D4-3253CDFC7CF5}.Release|Any CPU.ActiveCfg = Release|Any CPU
		{A1B95E2F-99A8-43C7-B5D4-3253CDFC7CF5}.Release|Any CPU.Build.0 = Release|Any CPU
	EndGlobalSection
	GlobalSection(SolutionProperties) = preSolution
		HideSolutionNode = FALSE
	EndGlobalSection
	GlobalSection(ExtensibilityGlobals) = postSolution
		SolutionGuid = {AE8540AE-7678-44B6-A427-C78FC284EC21}
	EndGlobalSection
EndGlobal
